
Microsoft Visual Studio Solution File, Format Version 12.00
# Visual Studio Version 17
VisualStudioVersion = 17.14.36717.8 d17.14
MinimumVisualStudioVersion = 10.0.40219.1
Project("{8BC9CEB8-8B4A-11D0-8D11-00A0C91BC942}") = "AdventureWorld", "AdventureWorld.vcxproj", "{2D83808A-1708-42FC-96BF-30CEF0150BAB}"
EndProject
Global
	GlobalSection(SolutionConfigurationPlatforms) = preSolution
		Debug|x64 = Debug|x64
		Debug|x86 = Debug|x86
		Release|x64 = Release|x64
		Release|x86 = Release|x86
	EndGlobalSection
	GlobalSection(ProjectConfigurationPlatforms) = postSolution
		{2D83808A-1708-42FC-96BF-30CEF0150BAB}.Debug|x64.ActiveCfg = Debug|x64
		{2D83808A-1708-42FC-96BF-30CEF0150BAB}.Debug|x64.Build.0 = Debug|x64
		{2D83808A-1708-42FC-96BF-30CEF0150BAB}.Debug|x86.ActiveCfg = Debug|Win32
		{2D83808A-1708-42FC-96BF-30CEF0150BAB}.Debug|x86.Build.0 = Debug|Win32
		{2D83808A-1708-42FC-96BF-30CEF0150BAB}.Release|x64.ActiveCfg = Release|x64
		{2D83808A-1708-42FC-96BF-30CEF0150BAB}.Release|x64.Build.0 = Release|x64
		{2D83808A-1708-42FC-96BF-30CEF0150BAB}.Release|x86.ActiveCfg = Release|Win32
		{2D83808A-1708-42FC-96BF-30CEF0150BAB}.Release|x86.Build.0 = Release|Win32
	EndGlobalSection
	GlobalSection(SolutionProperties) = preSolution
		HideSolutionNode = FALSE
	EndGlobalSection
	GlobalSection(ExtensibilityGlobals) = postSolution
		SolutionGuid = {2F49FC5A-C418-4DB7-B51F-6EB8C1EE1578}
	EndGlobalSection
EndGlobal
